
Microsoft Visual Studio Solution File, Format Version 12.00
# Visual Studio 15
VisualStudioVersion = 15.0.28010.2050
MinimumVisualStudioVersion = 10.0.40219.1
Project("{FAE04EC0-301F-11D3-BF4B-00C04F79EFBC}") = "exo4", "exo4\exo4.csproj", "{4B81E304-7385-480B-8F27-8B4A7A71EA00}"
EndProject
Global
	GlobalSection(SolutionConfigurationPlatforms) = preSolution
		Debug|Any CPU = Debug|Any CPU
		Release|Any CPU = Release|Any CPU
	EndGlobalSection
	GlobalSection(ProjectConfigurationPlatforms) = postSolution
		{4B81E304-7385-480B-8F27-8B4A7A71EA00}.Debug|Any CPU.ActiveCfg = Debug|Any CPU
		{4B81E304-7385-480B-8F27-8B4A7A71EA00}.Debug|Any CPU.Build.0 = Debug|Any CPU
		{4B81E304-7385-480B-8F27-8B4A7A71EA00}.Release|Any CPU.ActiveCfg = Release|Any CPU
		{4B81E304-7385-480B-8F27-8B4A7A71EA00}.Release|Any CPU.Build.0 = Release|Any CPU
	EndGlobalSection
	GlobalSection(SolutionProperties) = preSolution
		HideSolutionNode = FALSE
	EndGlobalSection
	GlobalSection(ExtensibilityGlobals) = postSolution
		SolutionGuid = {E723EB50-80E5-4E40-9440-8B5E1B1B2161}
	EndGlobalSection
EndGlobal
